
Microsoft Visual Studio Solution File, Format Version 12.00
# Visual Studio Version 17
VisualStudioVersion = 17.10.35027.167
MinimumVisualStudioVersion = 10.0.40219.1
Project("{9A19103F-16F7-4668-BE54-9A1E7A4F7556}") = "ToDoApi.API", "ToDoApi\ToDoApi.API.csproj", "{F78E3874-0523-45C0-ACCF-0C32D33FA547}"
EndProject
Project("{FAE04EC0-301F-11D3-BF4B-00C04F79EFBC}") = "ToDoApi.Application", "ToDoApi.Application\ToDoApi.Application.csproj", "{8F47278B-9449-4B40-BBE7-EED8FE070ABC}"
EndProject
Project("{FAE04EC0-301F-11D3-BF4B-00C04F79EFBC}") = "ToDoApi.Domain", "ToDoApi.Domain\ToDoApi.Domain.csproj", "{42C3303F-B71D-441E-9372-A36D2321E029}"
EndProject
Project("{FAE04EC0-301F-11D3-BF4B-00C04F79EFBC}") = "ToDoApi.Infrastructure", "ToDoApi.Infrastructure\ToDoApi.Infrastructure.csproj", "{A282D167-6ED6-4EF6-96A6-C3D0301B9E57}"
EndProject
Project("{FAE04EC0-301F-11D3-BF4B-00C04F79EFBC}") = "ToDoApi.Core", "ToDoApi.Core\ToDoApi.Core.csproj", "{7186DF64-AE14-48DA-A200-54246AC22180}"
EndProject
Global
	GlobalSection(SolutionConfigurationPlatforms) = preSolution
		Debug|Any CPU = Debug|Any CPU
		Release|Any CPU = Release|Any CPU
	EndGlobalSection
	GlobalSection(ProjectConfigurationPlatforms) = postSolution
		{F78E3874-0523-45C0-ACCF-0C32D33FA547}.Debug|Any CPU.ActiveCfg = Debug|Any CPU
		{F78E3874-0523-45C0-ACCF-0C32D33FA547}.Debug|Any CPU.Build.0 = Debug|Any CPU
		{F78E3874-0523-45C0-ACCF-0C32D33FA547}.Release|Any CPU.ActiveCfg = Release|Any CPU
		{F78E3874-0523-45C0-ACCF-0C32D33FA547}.Release|Any CPU.Build.0 = Release|Any CPU
		{8F47278B-9449-4B40-BBE7-EED8FE070ABC}.Debug|Any CPU.ActiveCfg = Debug|Any CPU
		{8F47278B-9449-4B40-BBE7-EED8FE070ABC}.Debug|Any CPU.Build.0 = Debug|Any CPU
		{8F47278B-9449-4B40-BBE7-EED8FE070ABC}.Release|Any CPU.ActiveCfg = Release|Any CPU
		{8F47278B-9449-4B40-BBE7-EED8FE070ABC}.Release|Any CPU.Build.0 = Release|Any CPU
		{42C3303F-B71D-441E-9372-A36D2321E029}.Debug|Any CPU.ActiveCfg = Debug|Any CPU
		{42C3303F-B71D-441E-9372-A36D2321E029}.Debug|Any CPU.Build.0 = Debug|Any CPU
		{42C3303F-B71D-441E-9372-A36D2321E029}.Release|Any CPU.ActiveCfg = Release|Any CPU
		{42C3303F-B71D-441E-9372-A36D2321E029}.Release|Any CPU.Build.0 = Release|Any CPU
		{A282D167-6ED6-4EF6-96A6-C3D0301B9E57}.Debug|Any CPU.ActiveCfg = Debug|Any CPU
		{A282D167-6ED6-4EF6-96A6-C3D0301B9E57}.Debug|Any CPU.Build.0 = Debug|Any CPU
		{A282D167-6ED6-4EF6-96A6-C3D0301B9E57}.Release|Any CPU.ActiveCfg = Release|Any CPU
		{A282D167-6ED6-4EF6-96A6-C3D0301B9E57}.Release|Any CPU.Build.0 = Release|Any CPU
		{7186DF64-AE14-48DA-A200-54246AC22180}.Debug|Any CPU.ActiveCfg = Debug|Any CPU
		{7186DF64-AE14-48DA-A200-54246AC22180}.Debug|Any CPU.Build.0 = Debug|Any CPU
		{7186DF64-AE14-48DA-A200-54246AC22180}.Release|Any CPU.ActiveCfg = Release|Any CPU
		{7186DF64-AE14-48DA-A200-54246AC22180}.Release|Any CPU.Build.0 = Release|Any CPU
	EndGlobalSection
	GlobalSection(SolutionProperties) = preSolution
		HideSolutionNode = FALSE
	EndGlobalSection
	GlobalSection(ExtensibilityGlobals) = postSolution
		SolutionGuid = {A0AF094A-3A99-4166-8413-CF862E058C77}
	EndGlobalSection
EndGlobal
